// !$*UTF8*$!
{
	archiveVersion = 1;
	classes = {
	};
	objectVersion = 46;
	objects = {

/* Begin PBXBuildFile section */
		4495899D19CFE721002A5FCD /* main.m in Sources */ = {isa = PBXBuildFile; fileRef = 4495899C19CFE721002A5FCD /* main.m */; };
		449589A019CFE721002A5FCD /* AppDelegate.m in Sources */ = {isa = PBXBuildFile; fileRef = 4495899F19CFE721002A5FCD /* AppDelegate.m */; };
		449589A319CFE721002A5FCD /* ViewController.m in Sources */ = {isa = PBXBuildFile; fileRef = 449589A219CFE721002A5FCD /* ViewController.m */; };
		449589A619CFE721002A5FCD /* Main.storyboard in Resources */ = {isa = PBXBuildFile; fileRef = 449589A419CFE721002A5FCD /* Main.storyboard */; };
		449589A819CFE721002A5FCD /* Images.xcassets in Resources */ = {isa = PBXBuildFile; fileRef = 449589A719CFE721002A5FCD /* Images.xcassets */; };
		449589AB19CFE721002A5FCD /* LaunchScreen.xib in Resources */ = {isa = PBXBuildFile; fileRef = 449589A919CFE721002A5FCD /* LaunchScreen.xib */; };
		449589B719CFE721002A5FCD /* BlackJackHoldem31Tests.m in Sources */ = {isa = PBXBuildFile; fileRef = 449589B619CFE721002A5FCD /* BlackJackHoldem31Tests.m */; };
/* End PBXBuildFile section */

/* Begin PBXContainerItemProxy section */
		449589B119CFE721002A5FCD /* PBXContainerItemProxy */ = {
			isa = PBXContainerItemProxy;
			containerPortal = 4495898F19CFE720002A5FCD /* Project object */;
			proxyType = 1;
			remoteGlobalIDString = 4495899619CFE721002A5FCD;
			remoteInfo = BlackJackHoldem31;
		};
/* End PBXContainerItemProxy section */

/* Begin PBXFileReference section */
		4495899719CFE721002A5FCD /* BlackJackHoldem31.app */ = {isa = PBXFileReference; explicitFileType = wrapper.application; includeInIndex = 0; path = BlackJackHoldem31.app; sourceTree = BUILT_PRODUCTS_DIR; };
		4495899B19CFE721002A5FCD /* Info.plist */ = {isa = PBXFileReference; lastKnownFileType = text.plist.xml; path = Info.plist; sourceTree = "<group>"; };
		4495899C19CFE721002A5FCD /* main.m */ = {isa = PBXFileReference; lastKnownFileType = sourcecode.c.objc; path = main.m; sourceTree = "<group>"; };
		4495899E19CFE721002A5FCD /* AppDelegate.h */ = {isa = PBXFileReference; lastKnownFileType = sourcecode.c.h; path = AppDelegate.h; sourceTree = "<group>"; };
		4495899F19CFE721002A5FCD /* AppDelegate.m */ = {isa = PBXFileReference; lastKnownFileType = sourcecode.c.objc; path = AppDelegate.m; sourceTree = "<group>"; };
		449589A119CFE721002A5FCD /* ViewController.h */ = {isa = PBXFileReference; lastKnownFileType = sourcecode.c.h; path = ViewController.h; sourceTree = "<group>"; };
		449589A219CFE721002A5FCD /* ViewController.m */ = {isa = PBXFileReference; lastKnownFileType = sourcecode.c.objc; path = ViewController.m; sourceTree = "<group>"; };
		449589A519CFE721002A5FCD /* Base */ = {isa = PBXFileReference; lastKnownFileType = file.storyboard; name = Base; path = Base.lproj/Main.storyboard; sourceTree = "<group>"; };
		449589A719CFE721002A5FCD /* Images.xcassets */ = {isa = PBXFileReference; lastKnownFileType = folder.assetcatalog; path = Images.xcassets; sourceTree = "<group>"; };
		449589AA19CFE721002A5FCD /* Base */ = {isa = PBXFileReference; lastKnownFileType = file.xib; name = Base; path = Base.lproj/LaunchScreen.xib; sourceTree = "<group>"; };
		449589B019CFE721002A5FCD /* BlackJackHoldem31Tests.xctest */ = {isa = PBXFileReference; explicitFileType = wrapper.cfbundle; includeInIndex = 0; path = BlackJackHoldem31Tests.xctest; sourceTree = BUILT_PRODUCTS_DIR; };
		449589B519CFE721002A5FCD /* Info.plist */ = {isa = PBXFileReference; lastKnownFileType = text.plist.xml; path = Info.plist; sourceTree = "<group>"; };
		449589B619CFE721002A5FCD /* BlackJackHoldem31Tests.m */ = {isa = PBXFileReference; lastKnownFileType = sourcecode.c.objc; path = BlackJackHoldem31Tests.m; sourceTree = "<group>"; };
/* End PBXFileReference section */

/* Begin PBXFrameworksBuildPhase section */
		4495899419CFE721002A5FCD /* Frameworks */ = {
			isa = PBXFrameworksBuildPhase;
			buildActionMask = 2147483647;
			files = (
			);
			runOnlyForDeploymentPostprocessing = 0;
		};
		449589AD19CFE721002A5FCD /* Frameworks */ = {
			isa = PBXFrameworksBuildPhase;
			buildActionMask = 2147483647;
			files = (
			);
			runOnlyForDeploymentPostprocessing = 0;
		};
/* End PBXFrameworksBuildPhase section */

/* Begin PBXGroup section */
		4495898E19CFE720002A5FCD = {
			isa = PBXGroup;
			children = (
				4495899919CFE721002A5FCD /* BlackJackHoldem31 */,
				449589B319CFE721002A5FCD /* BlackJackHoldem31Tests */,
				4495899819CFE721002A5FCD /* Products */,
			);
			sourceTree = "<group>";
		};
		4495899819CFE721002A5FCD /* Products */ = {
			isa = PBXGroup;
			children = (
				4495899719CFE721002A5FCD /* BlackJackHoldem31.app */,
				449589B019CFE721002A5FCD /* BlackJackHoldem31Tests.xctest */,
			);
			name = Products;
			sourceTree = "<group>";
		};
		4495899919CFE721002A5FCD /* BlackJackHoldem31 */ = {
			isa = PBXGroup;
			children = (
				4495899E19CFE721002A5FCD /* AppDelegate.h */,
				4495899F19CFE721002A5FCD /* AppDelegate.m */,
				449589A119CFE721002A5FCD /* ViewController.h */,
				449589A219CFE721002A5FCD /* ViewController.m */,
				449589A419CFE721002A5FCD /* Main.storyboard */,
				449589A719CFE721002A5FCD /* Images.xcassets */,
				449589A919CFE721002A5FCD /* LaunchScreen.xib */,
				4495899A19CFE721002A5FCD /* Supporting Files */,
			);
			path = BlackJackHoldem31;
			sourceTree = "<group>";
		};
		4495899A19CFE721002A5FCD /* Supporting Files */ = {
			isa = PBXGroup;
			children = (
				4495899B19CFE721002A5FCD /* Info.plist */,
				4495899C19CFE721002A5FCD /* main.m */,
			);
			name = "Supporting Files";
			sourceTree = "<group>";
		};
		449589B319CFE721002A5FCD /* BlackJackHoldem31Tests */ = {
			isa = PBXGroup;
			children = (
				449589B619CFE721002A5FCD /* BlackJackHoldem31Tests.m */,
				449589B419CFE721002A5FCD /* Supporting Files */,
			);
			path = BlackJackHoldem31Tests;
			sourceTree = "<group>";
		};
		449589B419CFE721002A5FCD /* Supporting Files */ = {
			isa = PBXGroup;
			children = (
				449589B519CFE721002A5FCD /* Info.plist */,
			);
			name = "Supporting Files";
			sourceTree = "<group>";
		};
/* End PBXGroup section */

/* Begin PBXNativeTarget section */
		4495899619CFE721002A5FCD /* BlackJackHoldem31 */ = {
			isa = PBXNativeTarget;
			buildConfigurationList = 449589BA19CFE721002A5FCD /* Build configuration list for PBXNativeTarget "BlackJackHoldem31" */;
			buildPhases = (
				4495899319CFE721002A5FCD /* Sources */,
				4495899419CFE721002A5FCD /* Frameworks */,
				4495899519CFE721002A5FCD /* Resources */,
			);
			buildRules = (
			);
			dependencies = (
			);
			name = BlackJackHoldem31;
			productName = BlackJackHoldem31;
			productReference = 4495899719CFE721002A5FCD /* BlackJackHoldem31.app */;
			productType = "com.apple.product-type.application";
		};
		449589AF19CFE721002A5FCD /* BlackJackHoldem31Tests */ = {
			isa = PBXNativeTarget;
			buildConfigurationList = 449589BD19CFE721002A5FCD /* Build configuration list for PBXNativeTarget "BlackJackHoldem31Tests" */;
			buildPhases = (
				449589AC19CFE721002A5FCD /* Sources */,
				449589AD19CFE721002A5FCD /* Frameworks */,
				449589AE19CFE721002A5FCD /* Resources */,
			);
			buildRules = (
			);
			dependencies = (
				449589B219CFE721002A5FCD /* PBXTargetDependency */,
			);
			name = BlackJackHoldem31Tests;
			productName = BlackJackHoldem31Tests;
			productReference = 449589B019CFE721002A5FCD /* BlackJackHoldem31Tests.xctest */;
			productType = "com.apple.product-type.bundle.unit-test";
		};
/* End PBXNativeTarget section */

/* Begin PBXProject section */
		4495898F19CFE720002A5FCD /* Project object */ = {
			isa = PBXProject;
			attributes = {
				LastUpgradeCheck = 0600;
				ORGANIZATIONNAME = "signity solutions";
				TargetAttributes = {
					4495899619CFE721002A5FCD = {
						CreatedOnToolsVersion = 6.0;
					};
					449589AF19CFE721002A5FCD = {
						CreatedOnToolsVersion = 6.0;
						TestTargetID = 4495899619CFE721002A5FCD;
					};
				};
			};
			buildConfigurationList = 4495899219CFE720002A5FCD /* Build configuration list for PBXProject "BlackJackHoldem31" */;
			compatibilityVersion = "Xcode 3.2";
			developmentRegion = English;
			hasScannedForEncodings = 0;
			knownRegions = (
				en,
				Base,
			);
			mainGroup = 4495898E19CFE720002A5FCD;
			productRefGroup = 4495899819CFE721002A5FCD /* Products */;
			projectDirPath = "";
			projectRoot = "";
			targets = (
				4495899619CFE721002A5FCD /* BlackJackHoldem31 */,
				449589AF19CFE721002A5FCD /* BlackJackHoldem31Tests */,
			);
		};
/* End PBXProject section */

/* Begin PBXResourcesBuildPhase section */
		4495899519CFE721002A5FCD /* Resources */ = {
			isa = PBXResourcesBuildPhase;
			buildActionMask = 2147483647;
			files = (
				449589A619CFE721002A5FCD /* Main.storyboard in Resources */,
				449589AB19CFE721002A5FCD /* LaunchScreen.xib in Resources */,
				449589A819CFE721002A5FCD /* Images.xcassets in Resources */,
			);
			runOnlyForDeploymentPostprocessing = 0;
		};
		449589AE19CFE721002A5FCD /* Resources */ = {
			isa = PBXResourcesBuildPhase;
			buildActionMask = 2147483647;
			files = (
			);
			runOnlyForDeploymentPostprocessing = 0;
		};
/* End PBXResourcesBuildPhase section */

/* Begin PBXSourcesBuildPhase section */
		4495899319CFE721002A5FCD /* Sources */ = {
			isa = PBXSourcesBuildPhase;
			buildActionMask = 2147483647;
			files = (
				449589A319CFE721002A5FCD /* ViewController.m in Sources */,
				449589A019CFE721002A5FCD /* AppDelegate.m in Sources */,
				4495899D19CFE721002A5FCD /* main.m in Sources */,
			);
			runOnlyForDeploymentPostprocessing = 0;
		};
		449589AC19CFE721002A5FCD /* Sources */ = {
			isa = PBXSourcesBuildPhase;
			buildActionMask = 2147483647;
			files = (
				449589B719CFE721002A5FCD /* BlackJackHoldem31Tests.m in Sources */,
			);
			runOnlyForDeploymentPostprocessing = 0;
		};
/* End PBXSourcesBuildPhase section */

/* Begin PBXTargetDependency section */
		449589B219CFE721002A5FCD /* PBXTargetDependency */ = {
			isa = PBXTargetDependency;
			target = 4495899619CFE721002A5FCD /* BlackJackHoldem31 */;
			targetProxy = 449589B119CFE721002A5FCD /* PBXContainerItemProxy */;
		};
/* End PBXTargetDependency section */

/* Begin PBXVariantGroup section */
		449589A419CFE721002A5FCD /* Main.storyboard */ = {
			isa = PBXVariantGroup;
			children = (
				449589A519CFE721002A5FCD /* Base */,
			);
			name = Main.storyboard;
			sourceTree = "<group>";
		};
		449589A919CFE721002A5FCD /* LaunchScreen.xib */ = {
			isa = PBXVariantGroup;
			children = (
				449589AA19CFE721002A5FCD /* Base */,
			);
			name = LaunchScreen.xib;
			sourceTree = "<group>";
		};
/* End PBXVariantGroup section */

/* Begin XCBuildConfiguration section */
		449589B819CFE721002A5FCD /* Debug */ = {
			isa = XCBuildConfiguration;
			buildSettings = {
				ALWAYS_SEARCH_USER_PATHS = NO;
				CLANG_CXX_LANGUAGE_STANDARD = "gnu++0x";
				CLANG_CXX_LIBRARY = "libc++";
				CLANG_ENABLE_MODULES = YES;
				CLANG_ENABLE_OBJC_ARC = YES;
				CLANG_WARN_BOOL_CONVERSION = YES;
				CLANG_WARN_CONSTANT_CONVERSION = YES;
				CLANG_WARN_DIRECT_OBJC_ISA_USAGE = YES_ERROR;
				CLANG_WARN_EMPTY_BODY = YES;
				CLANG_WARN_ENUM_CONVERSION = YES;
				CLANG_WARN_INT_CONVERSION = YES;
				CLANG_WARN_OBJC_ROOT_CLASS = YES_ERROR;
				CLANG_WARN_UNREACHABLE_CODE = YES;
				CLANG_WARN__DUPLICATE_METHOD_MATCH = YES;
				"CODE_SIGN_IDENTITY[sdk=iphoneos*]" = "iPhone Developer";
				COPY_PHASE_STRIP = NO;
				ENABLE_STRICT_OBJC_MSGSEND = YES;
				GCC_C_LANGUAGE_STANDARD = gnu99;
				GCC_DYNAMIC_NO_PIC = NO;
				GCC_OPTIMIZATION_LEVEL = 0;
				GCC_PREPROCESSOR_DEFINITIONS = (
					"DEBUG=1",
					"$(inherited)",
				);
				GCC_SYMBOLS_PRIVATE_EXTERN = NO;
				GCC_WARN_64_TO_32_BIT_CONVERSION = YES;
				GCC_WARN_ABOUT_RETURN_TYPE = YES_ERROR;
				GCC_WARN_UNDECLARED_SELECTOR = YES;
				GCC_WARN_UNINITIALIZED_AUTOS = YES_AGGRESSIVE;
				GCC_WARN_UNUSED_FUNCTION = YES;
				GCC_WARN_UNUSED_VARIABLE = YES;
				IPHONEOS_DEPLOYMENT_TARGET = 8.0;
				MTL_ENABLE_DEBUG_INFO = YES;
				ONLY_ACTIVE_ARCH = YES;
				SDKROOT = iphoneos;
			};
			name = Debug;
		};
		449589B919CFE721002A5FCD /* Release */ = {
			isa = XCBuildConfiguration;
			buildSettings = {
				ALWAYS_SEARCH_USER_PATHS = NO;
				CLANG_CXX_LANGUAGE_STANDARD = "gnu++0x";
				CLANG_CXX_LIBRARY = "libc++";
				CLANG_ENABLE_MODULES = YES;
				CLANG_ENABLE_OBJC_ARC = YES;
				CLANG_WARN_BOOL_CONVERSION = YES;
				CLANG_WARN_CONSTANT_CONVERSION = YES;
				CLANG_WARN_DIRECT_OBJC_ISA_USAGE = YES_ERROR;
				CLANG_WARN_EMPTY_BODY = YES;
				CLANG_WARN_ENUM_CONVERSION = YES;
				CLANG_WARN_INT_CONVERSION = YES;
				CLANG_WARN_OBJC_ROOT_CLASS = YES_ERROR;
				CLANG_WARN_UNREACHABLE_CODE = YES;
				CLANG_WARN__DUPLICATE_METHOD_MATCH = YES;
				"CODE_SIGN_IDENTITY[sdk=iphoneos*]" = "iPhone Developer";
				COPY_PHASE_STRIP = YES;
				ENABLE_NS_ASSERTIONS = NO;
				ENABLE_STRICT_OBJC_MSGSEND = YES;
				GCC_C_LANGUAGE_STANDARD = gnu99;
				GCC_WARN_64_TO_32_BIT_CONVERSION = YES;
				GCC_WARN_ABOUT_RETURN_TYPE = YES_ERROR;
				GCC_WARN_UNDECLARED_SELECTOR = YES;
				GCC_WARN_UNINITIALIZED_AUTOS = YES_AGGRESSIVE;
				GCC_WARN_UNUSED_FUNCTION = YES;
				GCC_WARN_UNUSED_VARIABLE = YES;
				IPHONEOS_DEPLOYMENT_TARGET = 8.0;
				MTL_ENABLE_DEBUG_INFO = NO;
				SDKROOT = iphoneos;
				VALIDATE_PRODUCT = YES;
			};
			name = Release;
		};
		449589BB19CFE721002A5FCD /* Debug */ = {
			isa = XCBuildConfiguration;
			buildSettings = {
				ASSETCATALOG_COMPILER_APPICON_NAME = AppIcon;
				INFOPLIST_FILE = BlackJackHoldem31/Info.plist;
				LD_RUNPATH_SEARCH_PATHS = "$(inherited) @executable_path/Frameworks";
				PRODUCT_NAME = "$(TARGET_NAME)";
			};
			name = Debug;
		};
		449589BC19CFE721002A5FCD /* Release */ = {
			isa = XCBuildConfiguration;
			buildSettings = {
				ASSETCATALOG_COMPILER_APPICON_NAME = AppIcon;
				INFOPLIST_FILE = BlackJackHoldem31/Info.plist;
				LD_RUNPATH_SEARCH_PATHS = "$(inherited) @executable_path/Frameworks";
				PRODUCT_NAME = "$(TARGET_NAME)";
			};
			name = Release;
		};
		449589BE19CFE721002A5FCD /* Debug */ = {
			isa = XCBuildConfiguration;
			buildSettings = {
				BUNDLE_LOADER = "$(TEST_HOST)";
				FRAMEWORK_SEARCH_PATHS = (
					"$(SDKROOT)/Developer/Library/Frameworks",
					"$(inherited)",
				);
				GCC_PREPROCESSOR_DEFINITIONS = (
					"DEBUG=1",
					"$(inherited)",
				);
				INFOPLIST_FILE = BlackJackHoldem31Tests/Info.plist;
				LD_RUNPATH_SEARCH_PATHS = "$(inherited) @executable_path/Frameworks @loader_path/Frameworks";
				PRODUCT_NAME = "$(TARGET_NAME)";
				TEST_HOST = "$(BUILT_PRODUCTS_DIR)/BlackJackHoldem31.app/BlackJackHoldem31";
			};
			name = Debug;
		};
		449589BF19CFE721002A5FCD /* Release */ = {
			isa = XCBuildConfiguration;
			buildSettings = {
				BUNDLE_LOADER = "$(TEST_HOST)";
				FRAMEWORK_SEARCH_PATHS = (
					"$(SDKROOT)/Developer/Library/Frameworks",
					"$(inherited)",
				);
				INFOPLIST_FILE = BlackJackHoldem31Tests/Info.plist;
				LD_RUNPATH_SEARCH_PATHS = "$(inherited) @executable_path/Frameworks @loader_path/Frameworks";
				PRODUCT_NAME = "$(TARGET_NAME)";
				TEST_HOST = "$(BUILT_PRODUCTS_DIR)/BlackJackHoldem31.app/BlackJackHoldem31";
			};
			name = Release;
		};
/* End XCBuildConfiguration section */

/* Begin XCConfigurationList section */
		4495899219CFE720002A5FCD /* Build configuration list for PBXProject "BlackJackHoldem31" */ = {
			isa = XCConfigurationList;
			buildConfigurations = (
				449589B819CFE721002A5FCD /* Debug */,
				449589B919CFE721002A5FCD /* Release */,
			);
			defaultConfigurationIsVisible = 0;
			defaultConfigurationName = Release;
		};
		449589BA19CFE721002A5FCD /* Build configuration list for PBXNativeTarget "BlackJackHoldem31" */ = {
			isa = XCConfigurationList;
			buildConfigurations = (
				449589BB19CFE721002A5FCD /* Debug */,
				449589BC19CFE721002A5FCD /* Release */,
			);
			defaultConfigurationIsVisible = 0;
		};
		449589BD19CFE721002A5FCD /* Build configuration list for PBXNativeTarget "BlackJackHoldem31Tests" */ = {
			isa = XCConfigurationList;
			buildConfigurations = (
				449589BE19CFE721002A5FCD /* Debug */,
				449589BF19CFE721002A5FCD /* Release */,
			);
			defaultConfigurationIsVisible = 0;
		};
/* End XCConfigurationList section */
	};
	rootObject = 4495898F19CFE720002A5FCD /* Project object */;
}
